# This file was autogenerated by uv via the following command:
#    uv pip compile requirements.txt --constraint requirements.lock --python .venv/bin/python --torch-backend=auto --output-file requirements.lock
accelerate==1.15.0
    # via
    #   -c requirements.lock
    #   -r requirements.txt
    #   peft
agent-detector==2.0.0
    # via
    #   -c requirements.lock
    #   fastapi-cloud-cli
aiohappyeyeballs==2.7.1
    # via
    #   -c requirements.lock
    #   aiohttp
aiohttp==3.14.3
    # via
    #   -c requirements.lock
    #   -r requirements.txt
    #   aiohttp-cors
    #   fsspec
    #   ray
    #   vllm
aiohttp-cors==0.8.1
    # via
    #   -c requirements.lock
    #   ray
aiosignal==1.4.0
    # via
    #   -c requirements.lock
    #   aiohttp
annotated-doc==0.0.5
    # via
    #   -c requirements.lock
    #   fastapi
    #   typer
annotated-types==0.8.0
    # via
    #   -c requirements.lock
    #   pydantic
anthropic==1.9.0
    # via
    #   -c requirements.lock
    #   vllm
antlr4-python3-runtime==4.9.3
    # via
    #   -c requirements.lock
    #   hydra-core
    #   latex2sympy2-extended
    #   omegaconf
anyio==4.15.1
    # via
    #   -c requirements.lock
    #   anthropic
    #   httpx
    #   httpx2
    #   mcp
    #   openai
    #   sse-starlette
    #   starlette
    #   watchfiles
apache-tvm-ffi==0.1.11
    # via
    #   -c requirements.lock
    #   flashinfer-python
    #   nvidia-cudnn-frontend
    #   quack-kernels
    #   tilelang
    #   tokenspeed-mla
    #   vllm
    #   xgrammar
astor==0.8.1
    # via
    #   -c requirements.lock
    #   depyf
attrs==26.1.0
    # via
    #   -c requirements.lock
    #   aiohttp
    #   jsonschema
    #   referencing
autopep8==2.3.2
    # via
    #   -c requirements.lock
    #   -r requirements.txt
av==18.1.0
    # via
    #   -c requirements.lock
    #   qwen-vl-utils
blake3==1.0.9
    # via
    #   -c requirements.lock
    #   vllm
cachetools==7.2.0
    # via
    #   -c requirements.lock
    #   vllm
cbor2==6.1.4
    # via
    #   -c requirements.lock
    #   vllm
certifi==2026.7.22
    # via
    #   -c requirements.lock
    #   httpcore
    #   httpx
    #   requests
    #   sentry-sdk
cffi==2.1.1
    # via
    #   -c requirements.lock
    #   cryptography
charset-normalizer==3.5.1
    # via
    #   -c requirements.lock
    #   requests
click==8.5.0
    # via
    #   -c requirements.lock
    #   flashinfer-python
    #   huggingface-hub
    #   ray
    #   rich-toolkit
    #   uvicorn
    #   wandb
cloudpickle==3.1.2
    # via
    #   -c requirements.lock
    #   tensordict
    #   tilelang
    #   ultralytics
    #   vllm
codetiming==1.4.0
    # via
    #   -c requirements.lock
    #   -r requirements.txt
colorful==0.5.8
    # via
    #   -c requirements.lock
    #   ray
colorlog==6.12.0
    # via rapidocr
compressed-tensors==0.17.0
    # via
    #   -c requirements.lock
    #   vllm
contourpy==1.4.0
    # via matplotlib
coverage==7.16.2
    # via
    #   -c requirements.lock
    #   pytest-cov
cryptography==50.0.1
    # via
    #   -c requirements.lock
    #   google-auth
    #   pyjwt
cuda-bindings==13.4.3
    # via
    #   -c requirements.lock
    #   cuda-python
    #   humming-kernels
    #   torch
cuda-core==1.2.1
    # via
    #   -c requirements.lock
    #   cuda-python
    #   nccl4py
cuda-pathfinder==1.8.2
    # via
    #   -c requirements.lock
    #   cuda-bindings
    #   cuda-core
    #   cuda-python
    #   nccl4py
cuda-python==13.4.1
    # via
    #   -c requirements.lock
    #   flashinfer-python
    #   nvidia-cutlass-dsl-libs-base
    #   nvidia-cutlass-dsl-libs-core
    #   nvidia-cutlass-dsl-libs-cu12
    #   nvidia-cutlass-dsl-libs-cu13
cuda-tile==1.6.0
    # via
    #   -c requirements.lock
    #   flashinfer-python
cuda-toolkit==13.2.1
    # via
    #   -c requirements.lock
    #   torch
cycler==0.12.1
    # via matplotlib
datasets==5.0.1
    # via
    #   -c requirements.lock
    #   -r requirements.txt
depyf==0.20.0
    # via
    #   -c requirements.lock
    #   vllm
detect-installer==0.2.1
    # via
    #   -c requirements.lock
    #   fastapi-cloud-cli
dill==0.4.1
    # via
    #   -c requirements.lock
    #   -r requirements.txt
    #   datasets
    #   depyf
    #   multiprocess
distlib==0.4.3
    # via
    #   -c requirements.lock
    #   virtualenv
dnspython==2.8.0
    # via
    #   -c requirements.lock
    #   email-validator
docstring-parser==0.18.0
    # via
    #   -c requirements.lock
    #   anthropic
einops==0.8.2
    # via
    #   -c requirements.lock
    #   flashinfer-python
    #   quack-kernels
    #   vllm
email-validator==2.3.0
    # via
    #   -c requirements.lock
    #   fastapi
    #   pydantic
fastapi==0.136.3
    # via
    #   -c requirements.lock
    #   model-hosting-container-standards
    #   vllm
fastapi-cli==0.0.32
    # via
    #   -c requirements.lock
    #   fastapi
fastapi-cloud-cli==0.26.0
    # via
    #   -c requirements.lock
    #   fastapi-cli
fastar==0.12.0
    # via
    #   -c requirements.lock
    #   fastapi
    #   fastapi-cloud-cli
fastsafetensors==0.4.0
    # via
    #   -c requirements.lock
    #   vllm
filelock==4.0.6
    # via
    #   -c requirements.lock
    #   datasets
    #   huggingface-hub
    #   python-discovery
    #   ray
    #   torch
    #   ultralytics
    #   virtualenv
    #   vllm
flashinfer-python==0.6.18.post1
    # via
    #   -c requirements.lock
    #   vllm
flatbuffers==25.12.19
    # via onnxruntime
fonttools==4.66.0
    # via matplotlib
frozenlist==1.8.0
    # via
    #   -c requirements.lock
    #   aiohttp
    #   aiosignal
fsspec==2026.6.0
    # via
    #   -c requirements.lock
    #   datasets
    #   huggingface-hub
    #   torch
google-api-core==2.39.0
    # via
    #   -c requirements.lock
    #   opencensus
google-auth==2.59.0
    # via
    #   -c requirements.lock
    #   google-api-core
googleapis-common-protos==1.75.4
    # via
    #   -c requirements.lock
    #   google-api-core
    #   opentelemetry-exporter-otlp-proto-grpc
    #   opentelemetry-exporter-otlp-proto-http
grpcio==1.84.0
    # via
    #   -c requirements.lock
    #   opentelemetry-exporter-otlp-proto-grpc
    #   ray
h11==0.16.0
    # via
    #   -c requirements.lock
    #   httpcore
    #   httpcore2
    #   uvicorn
hf-xet==1.6.0
    # via
    #   -c requirements.lock
    #   huggingface-hub
httpcore==1.0.9
    # via
    #   -c requirements.lock
    #   httpx
httpcore2==2.13.1
    # via
    #   -c requirements.lock
    #   httpx2
httptools==0.8.0
    # via
    #   -c requirements.lock
    #   uvicorn
httpx==0.28.1
    # via
    #   -c requirements.lock
    #   datasets
    #   fastapi
    #   fastapi-cloud-cli
    #   huggingface-hub
    #   model-hosting-container-standards
    #   ultralytics-platform
httpx2==2.13.1
    # via
    #   -c requirements.lock
    #   anthropic
    #   mcp
    #   openai
huggingface-hub==1.33.0
    # via
    #   -c requirements.lock
    #   accelerate
    #   datasets
    #   peft
    #   tokenizers
    #   transformers
    #   vllm
humming-kernels==0.1.12
    # via
    #   -c requirements.lock
    #   vllm
hydra-core==1.3.7
    # via
    #   -c requirements.lock
    #   -r requirements.txt
idna==3.20
    # via
    #   -c requirements.lock
    #   anyio
    #   email-validator
    #   httpx
    #   httpx2
    #   requests
    #   yarl
ijson==3.5.1
    # via
    #   -c requirements.lock
    #   vllm
importlib-metadata==9.0.1
    # via
    #   -c requirements.lock
    #   tensordict
iniconfig==2.3.0
    # via
    #   -c requirements.lock
    #   pytest
instanttensor==0.2.0
    # via
    #   -c requirements.lock
    #   vllm
interegular==0.3.3
    # via
    #   -c requirements.lock
    #   lm-format-enforcer
jinja2==3.1.6
    # via
    #   -c requirements.lock
    #   fastapi
    #   humming-kernels
    #   torch
jiter==0.17.0
    # via
    #   -c requirements.lock
    #   anthropic
    #   openai
jmespath==1.1.0
    # via
    #   -c requirements.lock
    #   model-hosting-container-standards
jsonschema==4.26.0
    # via
    #   -c requirements.lock
    #   -r requirements.txt
    #   mcp
    #   mistral-common
    #   ray
    #   vllm
jsonschema-specifications==2025.9.1
    # via
    #   -c requirements.lock
    #   jsonschema
kiwisolver==1.5.1
    # via matplotlib
lark==1.2.2
    # via
    #   -c requirements.lock
    #   vllm
latex2sympy2-extended==1.11.0
    # via
    #   -c requirements.lock
    #   math-verify
liger-kernel==0.8.3
    # via
    #   -c requirements.lock
    #   -r requirements.txt
llguidance==1.7.6
    # via
    #   -c requirements.lock
    #   vllm
llvmlite==0.47.0
    # via
    #   -c requirements.lock
    #   numba
lm-format-enforcer==0.11.3
    # via
    #   -c requirements.lock
    #   vllm
loguru==0.7.3
    # via
    #   -c requirements.lock
    #   compressed-tensors
markdown-it-py==4.2.0
    # via
    #   -c requirements.lock
    #   rich
markupsafe==3.0.3
    # via
    #   -c requirements.lock
    #   jinja2
math-verify==0.9.0
    # via
    #   -c requirements.lock
    #   -r requirements.txt
matplotlib==3.11.2
    # via ultralytics
mcp==2.2.0
    # via
    #   -c requirements.lock
    #   vllm
mcp-types==2.2.0
    # via
    #   -c requirements.lock
    #   mcp
mdurl==0.1.2
    # via
    #   -c requirements.lock
    #   markdown-it-py
mistral-common==1.12.0
    # via
    #   -c requirements.lock
    #   vllm
ml-dtypes==0.6.0
    # via
    #   -c requirements.lock
    #   tilelang
model-hosting-container-standards==0.1.16
    # via
    #   -c requirements.lock
    #   vllm
mpmath==1.3.0
    # via
    #   -c requirements.lock
    #   sympy
msgpack==1.2.3
    # via
    #   -c requirements.lock
    #   ray
msgspec==0.21.1
    # via
    #   -c requirements.lock
    #   vllm
multidict==6.9.1
    # via
    #   -c requirements.lock
    #   aiohttp
    #   yarl
multiprocess==0.70.19
    # via
    #   -c requirements.lock
    #   datasets
nccl4py==0.6.0
    # via
    #   -c requirements.lock
    #   flashinfer-python
networkx==3.7
    # via
    #   -c requirements.lock
    #   torch
ninja==1.13.2
    # via
    #   -c requirements.lock
    #   flashinfer-python
    #   vllm
numba==0.65.0
    # via
    #   -c requirements.lock
    #   vllm
numpy==2.3.5
    # via
    #   -c requirements.lock
    #   -r requirements.txt
    #   accelerate
    #   contourpy
    #   cuda-core
    #   datasets
    #   flashinfer-python
    #   humming-kernels
    #   matplotlib
    #   mistral-common
    #   ml-dtypes
    #   nccl4py
    #   numba
    #   nvidia-cutlass-dsl-libs-base
    #   nvidia-cutlass-dsl-libs-core
    #   nvidia-cutlass-dsl-libs-cu12
    #   nvidia-cutlass-dsl-libs-cu13
    #   onnxruntime
    #   opencv-python
    #   opencv-python-headless
    #   pandas
    #   peft
    #   rapidocr
    #   shapely
    #   tensordict
    #   tilelang
    #   torchvision
    #   transformers
    #   ultralytics
    #   ultralytics-thop
    #   vllm
    #   xgrammar
nvidia-cublas==13.4.0.1
    # via
    #   -c requirements.lock
    #   cuda-toolkit
    #   nvidia-cudnn-cu13
    #   nvidia-cusolver
nvidia-cuda-cccl==13.3.4.3.1
    # via
    #   -c requirements.lock
    #   humming-kernels
nvidia-cuda-crt==13.4.92
    # via
    #   -c requirements.lock
    #   nvidia-cuda-nvcc
nvidia-cuda-cupti==13.2.75
    # via
    #   -c requirements.lock
    #   cuda-toolkit
nvidia-cuda-nvcc==13.4.92
    # via
    #   -c requirements.lock
    #   humming-kernels
nvidia-cuda-nvdisasm==13.4.92
    # via
    #   -c requirements.lock
    #   nvidia-cutlass-dsl-libs-base
    #   nvidia-cutlass-dsl-libs-core
    #   nvidia-cutlass-dsl-libs-cu12
    #   nvidia-cutlass-dsl-libs-cu13
nvidia-cuda-nvrtc==13.2.78
    # via
    #   -c requirements.lock
    #   cuda-toolkit
    #   humming-kernels
    #   nvidia-cublas
nvidia-cuda-runtime==13.2.75
    # via
    #   -c requirements.lock
    #   cuda-toolkit
    #   humming-kernels
    #   nvidia-cuda-nvcc
nvidia-cudnn-cu13==9.20.0.48
    # via
    #   -c requirements.lock
    #   torch
nvidia-cudnn-frontend==1.30.0
    # via
    #   -c requirements.lock
    #   flashinfer-python
    #   vllm
nvidia-cufft==12.2.0.46
    # via
    #   -c requirements.lock
    #   cuda-toolkit
nvidia-cufile==1.17.1.22
    # via
    #   -c requirements.lock
    #   cuda-toolkit
nvidia-curand==10.4.2.55
    # via
    #   -c requirements.lock
    #   cuda-toolkit
nvidia-cusolver==12.2.0.1
    # via
    #   -c requirements.lock
    #   cuda-toolkit
nvidia-cusparse==12.7.10.1
    # via
    #   -c requirements.lock
    #   cuda-toolkit
    #   nvidia-cusolver
nvidia-cusparselt-cu13==0.8.1
    # via
    #   -c requirements.lock
    #   torch
nvidia-cutlass-dsl==4.7.1
    # via
    #   -c requirements.lock
    #   flashinfer-python
    #   nvidia-cudnn-frontend
    #   quack-kernels
    #   tokenspeed-mla
    #   vllm
nvidia-cutlass-dsl-libs-base==4.7.1
    # via
    #   -c requirements.lock
    #   nvidia-cutlass-dsl
    #   nvidia-cutlass-dsl-libs-cu12
    #   nvidia-cutlass-dsl-libs-cu13
nvidia-cutlass-dsl-libs-core==4.7.1
    # via
    #   -c requirements.lock
    #   nvidia-cutlass-dsl-libs-base
nvidia-cutlass-dsl-libs-cu12==4.7.1
    # via
    #   -c requirements.lock
    #   nvidia-cutlass-dsl
nvidia-cutlass-dsl-libs-cu13==4.7.1
    # via
    #   -c requirements.lock
    #   nvidia-cutlass-dsl
nvidia-ml-py==13.615.71
    # via
    #   -c requirements.lock
    #   flashinfer-python
    #   humming-kernels
    #   ultralytics
nvidia-nccl-cu13==2.29.7
    # via
    #   -c requirements.lock
    #   torch
nvidia-nvjitlink==13.4.92
    # via
    #   -c requirements.lock
    #   cuda-toolkit
    #   nvidia-cufft
    #   nvidia-cusolver
    #   nvidia-cusparse
nvidia-nvshmem-cu13==3.4.5
    # via
    #   -c requirements.lock
    #   torch
nvidia-nvtx==13.2.75
    # via
    #   -c requirements.lock
    #   cuda-toolkit
nvidia-nvvm==13.4.92
    # via
    #   -c requirements.lock
    #   nvidia-cuda-nvcc
nvtx==0.2.15
    # via
    #   -c requirements.lock
    #   vllm
omegaconf==2.3.1
    # via
    #   -c requirements.lock
    #   -r requirements.txt
    #   hydra-core
    #   rapidocr
onnxruntime==1.30.0
    # via -r requirements.txt
openai==3.20.0
    # via
    #   -c requirements.lock
    #   -r requirements.txt
    #   vllm
openai-harmony==0.0.8
    # via
    #   -c requirements.lock
    #   vllm
opencensus==0.11.4
    # via
    #   -c requirements.lock
    #   ray
opencensus-context==0.1.3
    # via
    #   -c requirements.lock
    #   opencensus
opencv-python==5.0.0.93
    # via
    #   -c requirements.lock
    #   -r requirements.txt
    #   rapidocr
    #   ultralytics
opencv-python-headless==5.0.0.93
    # via
    #   -c requirements.lock
    #   mistral-common
    #   vllm
opentelemetry-api==1.45.0
    # via
    #   -c requirements.lock
    #   google-api-core
    #   mcp
    #   opentelemetry-exporter-http-transport
    #   opentelemetry-exporter-otlp-proto-grpc
    #   opentelemetry-exporter-otlp-proto-http
    #   opentelemetry-exporter-prometheus
    #   opentelemetry-sdk
    #   opentelemetry-semantic-conventions
    #   vllm
    #   wandb
opentelemetry-exporter-http-transport==0.66b0
    # via
    #   -c requirements.lock
    #   opentelemetry-exporter-otlp-proto-http
opentelemetry-exporter-otlp==1.45.0
    # via
    #   -c requirements.lock
    #   vllm
opentelemetry-exporter-otlp-common==0.66b0
    # via
    #   -c requirements.lock
    #   opentelemetry-exporter-otlp-proto-grpc
    #   opentelemetry-exporter-otlp-proto-http
opentelemetry-exporter-otlp-proto-common==1.45.0
    # via
    #   -c requirements.lock
    #   opentelemetry-exporter-otlp-proto-grpc
    #   opentelemetry-exporter-otlp-proto-http
opentelemetry-exporter-otlp-proto-grpc==1.45.0
    # via
    #   -c requirements.lock
    #   opentelemetry-exporter-otlp
opentelemetry-exporter-otlp-proto-http==1.45.0
    # via
    #   -c requirements.lock
    #   opentelemetry-exporter-otlp
    #   wandb
opentelemetry-exporter-prometheus==0.66b0
    # via
    #   -c requirements.lock
    #   ray
opentelemetry-proto==1.45.0
    # via
    #   -c requirements.lock
    #   opentelemetry-exporter-otlp-proto-common
    #   opentelemetry-exporter-otlp-proto-grpc
    #   opentelemetry-exporter-otlp-proto-http
    #   ray
opentelemetry-sdk==1.45.0
    # via
    #   -c requirements.lock
    #   opentelemetry-exporter-otlp-common
    #   opentelemetry-exporter-otlp-proto-grpc
    #   opentelemetry-exporter-otlp-proto-http
    #   opentelemetry-exporter-prometheus
    #   opentelemetry-semantic-conventions-ai
    #   ray
    #   vllm
    #   wandb
opentelemetry-semantic-conventions==0.66b0
    # via
    #   -c requirements.lock
    #   opentelemetry-sdk
    #   opentelemetry-semantic-conventions-ai
opentelemetry-semantic-conventions-ai==0.5.1
    # via
    #   -c requirements.lock
    #   vllm
orjson==3.12.0
    # via
    #   -c requirements.lock
    #   tensordict
outlines-core==0.2.14
    # via
    #   -c requirements.lock
    #   vllm
packaging==26.3
    # via
    #   -c requirements.lock
    #   accelerate
    #   datasets
    #   flashinfer-python
    #   huggingface-hub
    #   hydra-core
    #   lm-format-enforcer
    #   matplotlib
    #   nccl4py
    #   onnxruntime
    #   peft
    #   pytest
    #   qwen-vl-utils
    #   ray
    #   tensordict
    #   transformers
    #   wandb
    #   wheel
pandas==3.0.6
    # via
    #   -c requirements.lock
    #   -r requirements.txt
    #   datasets
partial-json-parser==0.2.1.1.post7
    # via
    #   -c requirements.lock
    #   vllm
peft==0.21.1
    # via
    #   -c requirements.lock
    #   -r requirements.txt
pillow==12.3.0
    # via
    #   -c requirements.lock
    #   -r requirements.txt
    #   matplotlib
    #   mistral-common
    #   qwen-vl-utils
    #   rapidocr
    #   torchvision
    #   ultralytics
    #   vllm
platformdirs==4.12.1
    # via
    #   -c requirements.lock
    #   virtualenv
    #   wandb
pluggy==1.6.0
    # via
    #   -c requirements.lock
    #   pytest
    #   pytest-cov
polars==1.44.2
    # via ultralytics
polars-runtime-32==1.44.2
    # via polars
prometheus-client==0.26.0
    # via
    #   -c requirements.lock
    #   opentelemetry-exporter-prometheus
    #   prometheus-fastapi-instrumentator
    #   ray
    #   vllm
prometheus-fastapi-instrumentator==8.1.0
    # via
    #   -c requirements.lock
    #   vllm
propcache==0.5.4
    # via
    #   -c requirements.lock
    #   aiohttp
    #   yarl
proto-plus==1.28.4
    # via
    #   -c requirements.lock
    #   google-api-core
protobuf==7.36.2
    # via
    #   -c requirements.lock
    #   google-api-core
    #   googleapis-common-protos
    #   nvidia-cutlass-dsl-libs-base
    #   nvidia-cutlass-dsl-libs-core
    #   nvidia-cutlass-dsl-libs-cu12
    #   nvidia-cutlass-dsl-libs-cu13
    #   onnxruntime
    #   opentelemetry-proto
    #   proto-plus
    #   ray
    #   vllm
    #   wandb
psutil==7.2.2
    # via
    #   -c requirements.lock
    #   accelerate
    #   peft
    #   tilelang
    #   ultralytics
    #   vllm
py-cpuinfo==9.0.0
    # via
    #   -c requirements.lock
    #   vllm
py-spy==0.4.2
    # via
    #   -c requirements.lock
    #   ray
pyarrow==25.0.1
    # via
    #   -c requirements.lock
    #   -r requirements.txt
    #   datasets
pyasn1==0.6.4
    # via
    #   -c requirements.lock
    #   pyasn1-modules
pyasn1-modules==0.4.2
    # via
    #   -c requirements.lock
    #   google-auth
pybase64==1.5.0
    # via
    #   -c requirements.lock
    #   vllm
pybind11==3.1.0
    # via
    #   -c requirements.lock
    #   -r requirements.txt
pyclipper==1.4.0
    # via rapidocr
pycodestyle==2.15.0
    # via
    #   -c requirements.lock
    #   autopep8
pycountry==26.2.16
    # via
    #   -c requirements.lock
    #   pydantic-extra-types
pycparser==3.0
    # via
    #   -c requirements.lock
    #   cffi
pydantic==2.13.5
    # via
    #   -c requirements.lock
    #   anthropic
    #   compressed-tensors
    #   fastapi
    #   fastapi-cloud-cli
    #   lm-format-enforcer
    #   mcp
    #   mcp-types
    #   mistral-common
    #   model-hosting-container-standards
    #   openai
    #   openai-harmony
    #   pydantic-extra-types
    #   pydantic-settings
    #   ray
    #   vllm
    #   wandb
    #   xgrammar
pydantic-core==2.46.5
    # via
    #   -c requirements.lock
    #   pydantic
pydantic-extra-types==2.11.1
    # via
    #   -c requirements.lock
    #   fastapi
    #   mistral-common
pydantic-settings==2.15.0
    # via
    #   -c requirements.lock
    #   fastapi
pygments==2.21.0
    # via
    #   -c requirements.lock
    #   pytest
    #   rich
pyjwt==2.15.1
    # via
    #   -c requirements.lock
    #   mcp
pylatexenc==2.11
    # via
    #   -c requirements.lock
    #   -r requirements.txt
pynvvideocodec==2.0.4
    # via
    #   -c requirements.lock
    #   vllm
pyparsing==3.3.3
    # via matplotlib
pytest==9.1.1
    # via
    #   -c requirements.lock
    #   -r requirements.txt
    #   pytest-cov
pytest-cov==7.1.0
    # via
    #   -c requirements.lock
    #   -r requirements.txt
python-dateutil==2.9.0.post0
    # via
    #   -c requirements.lock
    #   matplotlib
    #   pandas
python-discovery==1.6.1
    # via
    #   -c requirements.lock
    #   virtualenv
python-dotenv==1.2.3
    # via
    #   -c requirements.lock
    #   pydantic-settings
    #   uvicorn
python-json-logger==4.2.0
    # via
    #   -c requirements.lock
    #   vllm
python-multipart==0.0.32
    # via
    #   -c requirements.lock
    #   fastapi
    #   mcp
pyvers==0.2.3
    # via
    #   -c requirements.lock
    #   tensordict
pyyaml==6.0.3
    # via
    #   -c requirements.lock
    #   accelerate
    #   datasets
    #   huggingface-hub
    #   lm-format-enforcer
    #   omegaconf
    #   peft
    #   rapidocr
    #   ray
    #   transformers
    #   ultralytics
    #   uvicorn
    #   vllm
    #   wandb
pyzmq==27.2.0
    # via
    #   -c requirements.lock
    #   vllm
quack-kernels==0.6.5
    # via
    #   -c requirements.lock
    #   vllm
qwen-vl-utils==0.0.14
    # via
    #   -c requirements.lock
    #   -r requirements.txt
rapidocr==3.9.2
    # via -r requirements.txt
ray==2.58.0
    # via
    #   -c requirements.lock
    #   -r requirements.txt
referencing==0.37.0
    # via
    #   -c requirements.lock
    #   jsonschema
    #   jsonschema-specifications
regex==2026.9.29
    # via
    #   -c requirements.lock
    #   tiktoken
    #   transformers
    #   vllm
requests==2.34.2
    # via
    #   -c requirements.lock
    #   datasets
    #   flashinfer-python
    #   google-api-core
    #   mistral-common
    #   qwen-vl-utils
    #   rapidocr
    #   ray
    #   tiktoken
    #   torchdata
    #   ultralytics
    #   vllm
    #   wandb
rich==15.0.0
    # via
    #   -c requirements.lock
    #   rich-toolkit
    #   typer
rich-toolkit==0.20.5
    # via
    #   -c requirements.lock
    #   fastapi-cli
    #   fastapi-cloud-cli
rignore==0.8.1
    # via
    #   -c requirements.lock
    #   fastapi-cloud-cli
rpds-py==2026.6.3
    # via
    #   -c requirements.lock
    #   jsonschema
    #   referencing
safetensors==0.8.0
    # via
    #   -c requirements.lock
    #   accelerate
    #   humming-kernels
    #   peft
    #   transformers
    #   vllm
sentencepiece==0.2.2
    # via
    #   -c requirements.lock
    #   vllm
sentry-sdk==2.71.0
    # via
    #   -c requirements.lock
    #   fastapi-cloud-cli
setproctitle==1.3.7
    # via
    #   -c requirements.lock
    #   vllm
setuptools==80.10.2
    # via
    #   -c requirements.lock
    #   model-hosting-container-standards
    #   torch
    #   vllm
shapely==2.1.2
    # via rapidocr
shellingham==1.5.4
    # via
    #   -c requirements.lock
    #   typer
six==1.17.0
    # via
    #   -c requirements.lock
    #   opencensus
    #   python-dateutil
    #   rapidocr
    #   vllm
smart-open==8.0.1
    # via
    #   -c requirements.lock
    #   ray
sniffio==1.3.1
    # via
    #   -c requirements.lock
    #   anthropic
    #   openai
sse-starlette==3.5.0
    # via
    #   -c requirements.lock
    #   mcp
starlette==1.7.0
    # via
    #   -c requirements.lock
    #   fastapi
    #   mcp
    #   model-hosting-container-standards
    #   prometheus-fastapi-instrumentator
    #   sse-starlette
    #   vllm
supervisor==4.3.0
    # via
    #   -c requirements.lock
    #   model-hosting-container-standards
sympy==1.14.0
    # via
    #   -c requirements.lock
    #   -r requirements.txt
    #   latex2sympy2-extended
    #   torch
tabulate==0.10.0
    # via
    #   -c requirements.lock
    #   flashinfer-python
    #   humming-kernels
tensordict==0.14.2
    # via
    #   -c requirements.lock
    #   -r requirements.txt
tiktoken==0.14.0
    # via
    #   -c requirements.lock
    #   mistral-common
    #   vllm
tilelang==0.1.12
    # via
    #   -c requirements.lock
    #   vllm
timeout-decorator==0.5.0
    # via
    #   -c requirements.lock
    #   -r requirements.txt
tokenizers==0.23.2
    # via
    #   -c requirements.lock
    #   transformers
    #   vllm
tokenspeed-mla==0.1.8
    # via
    #   -c requirements.lock
    #   vllm
tokenspeed-triton==3.8.10.post20260920
    # via
    #   -c requirements.lock
    #   tokenspeed-mla
torch==2.13.0+cu132
    # via
    #   -c requirements.lock
    #   accelerate
    #   compressed-tensors
    #   flashinfer-python
    #   humming-kernels
    #   instanttensor
    #   liger-kernel
    #   peft
    #   quack-kernels
    #   tensordict
    #   tilelang
    #   tokenspeed-mla
    #   torch-c-dlpack-ext
    #   torchdata
    #   torchvision
    #   ultralytics
    #   ultralytics-thop
    #   vllm
    #   xgrammar
torch-c-dlpack-ext==0.1.5
    # via
    #   -c requirements.lock
    #   quack-kernels
    #   tilelang
torchaudio==2.11.0+cpu
    # via
    #   -c requirements.lock
    #   vllm
torchcodec==0.16.0+cu132
    # via
    #   -c requirements.lock
    #   vllm
torchdata==0.11.0
    # via
    #   -c requirements.lock
    #   -r requirements.txt
torchvision==0.28.0+cu132
    # via
    #   -c requirements.lock
    #   ultralytics
    #   vllm
tqdm==4.70.1
    # via
    #   -c requirements.lock
    #   -r requirements.txt
    #   datasets
    #   flashinfer-python
    #   huggingface-hub
    #   humming-kernels
    #   peft
    #   rapidocr
    #   tilelang
    #   transformers
    #   vllm
transformers==5.17.0
    # via
    #   -c requirements.lock
    #   compressed-tensors
    #   peft
    #   vllm
    #   xgrammar
triton==3.7.1
    # via
    #   -c requirements.lock
    #   humming-kernels
    #   liger-kernel
    #   torch
    #   xgrammar
truststore==0.10.4
    # via
    #   -c requirements.lock
    #   httpcore2
    #   httpx2
typer==0.27.2
    # via
    #   -c requirements.lock
    #   fastapi-cli
    #   fastapi-cloud-cli
    #   fastsafetensors
    #   transformers
typing-extensions==4.16.0
    # via
    #   -c requirements.lock
    #   aiohttp
    #   aiosignal
    #   anthropic
    #   anyio
    #   apache-tvm-ffi
    #   cuda-tile
    #   fastapi
    #   grpcio
    #   httpx2
    #   huggingface-hub
    #   mcp
    #   mcp-types
    #   mistral-common
    #   nvidia-cutlass-dsl-libs-base
    #   nvidia-cutlass-dsl-libs-core
    #   nvidia-cutlass-dsl-libs-cu12
    #   nvidia-cutlass-dsl-libs-cu13
    #   openai
    #   opentelemetry-api
    #   opentelemetry-exporter-otlp-proto-grpc
    #   opentelemetry-exporter-otlp-proto-http
    #   opentelemetry-sdk
    #   opentelemetry-semantic-conventions
    #   pydantic
    #   pydantic-core
    #   pydantic-extra-types
    #   referencing
    #   rich-toolkit
    #   starlette
    #   tilelang
    #   torch
    #   typing-inspection
    #   vllm
    #   wandb
    #   xgrammar
typing-inspection==0.4.4
    # via
    #   -c requirements.lock
    #   fastapi
    #   mcp
    #   pydantic
    #   pydantic-settings
ultralytics==8.4.158
    # via -r requirements.txt
ultralytics-platform==0.1.70
    # via ultralytics
ultralytics-thop==2.2.1
    # via ultralytics
urllib3==2.8.0
    # via
    #   -c requirements.lock
    #   opentelemetry-exporter-http-transport
    #   requests
    #   sentry-sdk
    #   torchdata
uv==0.12.20
    # via
    #   -c requirements.lock
    #   -r requirements.txt
uvicorn==0.54.0
    # via
    #   -c requirements.lock
    #   fastapi
    #   fastapi-cli
    #   fastapi-cloud-cli
    #   mcp
uvloop==0.22.1
    # via
    #   -c requirements.lock
    #   uvicorn
virtualenv==21.13.0
    # via
    #   -c requirements.lock
    #   ray
vllm==0.30.0
    # via
    #   -c requirements.lock
    #   -r requirements.txt
wandb==0.30.0
    # via
    #   -c requirements.lock
    #   -r requirements.txt
watchfiles==1.3.0
    # via
    #   -c requirements.lock
    #   uvicorn
    #   vllm
websockets==17.1
    # via
    #   -c requirements.lock
    #   uvicorn
wheel==0.48.0
    # via
    #   -c requirements.lock
    #   -r requirements.txt
wrapt==2.5.0
    # via
    #   -c requirements.lock
    #   smart-open
xgrammar==0.2.8
    # via
    #   -c requirements.lock
    #   vllm
xxhash==4.0.1
    # via
    #   -c requirements.lock
    #   datasets
    #   wandb
yarl==1.25.1
    # via
    #   -c requirements.lock
    #   aiohttp
z3-solver==4.15.4.0
    # via
    #   -c requirements.lock
    #   tilelang
zipp==4.1.0
    # via
    #   -c requirements.lock
    #   importlib-metadata
